// !$*UTF8*$!
{
	archiveVersion = 1;
	classes = {
	};
	objectVersion = 46;
	objects = {

/* Begin PBXBuildFile section */
		2018E9E91BE1559800352D8B /* AppDelegate.swift in Sources */ = {isa = PBXBuildFile; fileRef = 2018E9E81BE1559800352D8B /* AppDelegate.swift */; };
		2018E9EC1BE1559800352D8B /* BlogReader.xcdatamodeld in Sources */ = {isa = PBXBuildFile; fileRef = 2018E9EA1BE1559800352D8B /* BlogReader.xcdatamodeld */; };
		2018E9EE1BE1559800352D8B /* ViewController.swift in Sources */ = {isa = PBXBuildFile; fileRef = 2018E9ED1BE1559800352D8B /* ViewController.swift */; };
		2018E9F11BE1559800352D8B /* Main.storyboard in Resources */ = {isa = PBXBuildFile; fileRef = 2018E9EF1BE1559800352D8B /* Main.storyboard */; };
		2018E9F31BE1559800352D8B /* Images.xcassets in Resources */ = {isa = PBXBuildFile; fileRef = 2018E9F21BE1559800352D8B /* Images.xcassets */; };
		2018E9F61BE1559800352D8B /* LaunchScreen.xib in Resources */ = {isa = PBXBuildFile; fileRef = 2018E9F41BE1559800352D8B /* LaunchScreen.xib */; };
		2018EA021BE1559800352D8B /* BlogReaderTests.swift in Sources */ = {isa = PBXBuildFile; fileRef = 2018EA011BE1559800352D8B /* BlogReaderTests.swift */; };
/* End PBXBuildFile section */

/* Begin PBXContainerItemProxy section */
		2018E9FC1BE1559800352D8B /* PBXContainerItemProxy */ = {
			isa = PBXContainerItemProxy;
			containerPortal = 2018E9DB1BE1559800352D8B /* Project object */;
			proxyType = 1;
			remoteGlobalIDString = 2018E9E21BE1559800352D8B;
			remoteInfo = BlogReader;
		};
/* End PBXContainerItemProxy section */

/* Begin PBXFileReference section */
		2018E9E31BE1559800352D8B /* BlogReader.app */ = {isa = PBXFileReference; explicitFileType = wrapper.application; includeInIndex = 0; path = BlogReader.app; sourceTree = BUILT_PRODUCTS_DIR; };
		2018E9E71BE1559800352D8B /* Info.plist */ = {isa = PBXFileReference; lastKnownFileType = text.plist.xml; path = Info.plist; sourceTree = "<group>"; };
		2018E9E81BE1559800352D8B /* AppDelegate.swift */ = {isa = PBXFileReference; lastKnownFileType = sourcecode.swift; path = AppDelegate.swift; sourceTree = "<group>"; };
		2018E9EB1BE1559800352D8B /* BlogReader.xcdatamodel */ = {isa = PBXFileReference; lastKnownFileType = wrapper.xcdatamodel; path = BlogReader.xcdatamodel; sourceTree = "<group>"; };
		2018E9ED1BE1559800352D8B /* ViewController.swift */ = {isa = PBXFileReference; lastKnownFileType = sourcecode.swift; path = ViewController.swift; sourceTree = "<group>"; };
		2018E9F01BE1559800352D8B /* Base */ = {isa = PBXFileReference; lastKnownFileType = file.storyboard; name = Base; path = Base.lproj/Main.storyboard; sourceTree = "<group>"; };
		2018E9F21BE1559800352D8B /* Images.xcassets */ = {isa = PBXFileReference; lastKnownFileType = folder.assetcatalog; path = Images.xcassets; sourceTree = "<group>"; };
		2018E9F51BE1559800352D8B /* Base */ = {isa = PBXFileReference; lastKnownFileType = file.xib; name = Base; path = Base.lproj/LaunchScreen.xib; sourceTree = "<group>"; };
		2018E9FB1BE1559800352D8B /* BlogReaderTests.xctest */ = {isa = PBXFileReference; explicitFileType = wrapper.cfbundle; includeInIndex = 0; path = BlogReaderTests.xctest; sourceTree = BUILT_PRODUCTS_DIR; };
		2018EA001BE1559800352D8B /* Info.plist */ = {isa = PBXFileReference; lastKnownFileType = text.plist.xml; path = Info.plist; sourceTree = "<group>"; };
		2018EA011BE1559800352D8B /* BlogReaderTests.swift */ = {isa = PBXFileReference; lastKnownFileType = sourcecode.swift; path = BlogReaderTests.swift; sourceTree = "<group>"; };
/* End PBXFileReference section */

/* Begin PBXFrameworksBuildPhase section */
		2018E9E01BE1559800352D8B /* Frameworks */ = {
			isa = PBXFrameworksBuildPhase;
			buildActionMask = 2147483647;
			files = (
			);
			runOnlyForDeploymentPostprocessing = 0;
		};
		2018E9F81BE1559800352D8B /* Frameworks */ = {
			isa = PBXFrameworksBuildPhase;
			buildActionMask = 2147483647;
			files = (
			);
			runOnlyForDeploymentPostprocessing = 0;
		};
/* End PBXFrameworksBuildPhase section */

/* Begin PBXGroup section */
		2018E9DA1BE1559800352D8B = {
			isa = PBXGroup;
			children = (
				2018E9E51BE1559800352D8B /* BlogReader */,
				2018E9FE1BE1559800352D8B /* BlogReaderTests */,
				2018E9E41BE1559800352D8B /* Products */,
			);
			sourceTree = "<group>";
		};
		2018E9E41BE1559800352D8B /* Products */ = {
			isa = PBXGroup;
			children = (
				2018E9E31BE1559800352D8B /* BlogReader.app */,
				2018E9FB1BE1559800352D8B /* BlogReaderTests.xctest */,
			);
			name = Products;
			sourceTree = "<group>";
		};
		2018E9E51BE1559800352D8B /* BlogReader */ = {
			isa = PBXGroup;
			children = (
				2018E9E81BE1559800352D8B /* AppDelegate.swift */,
				2018E9ED1BE1559800352D8B /* ViewController.swift */,
				2018E9EF1BE1559800352D8B /* Main.storyboard */,
				2018E9F21BE1559800352D8B /* Images.xcassets */,
				2018E9F41BE1559800352D8B /* LaunchScreen.xib */,
				2018E9EA1BE1559800352D8B /* BlogReader.xcdatamodeld */,
				2018E9E61BE1559800352D8B /* Supporting Files */,
			);
			path = BlogReader;
			sourceTree = "<group>";
		};
		2018E9E61BE1559800352D8B /* Supporting Files */ = {
			isa = PBXGroup;
			children = (
				2018E9E71BE1559800352D8B /* Info.plist */,
			);
			name = "Supporting Files";
			sourceTree = "<group>";
		};
		2018E9FE1BE1559800352D8B /* BlogReaderTests */ = {
			isa = PBXGroup;
			children = (
				2018EA011BE1559800352D8B /* BlogReaderTests.swift */,
				2018E9FF1BE1559800352D8B /* Supporting Files */,
			);
			path = BlogReaderTests;
			sourceTree = "<group>";
		};
		2018E9FF1BE1559800352D8B /* Supporting Files */ = {
			isa = PBXGroup;
			children = (
				2018EA001BE1559800352D8B /* Info.plist */,
			);
			name = "Supporting Files";
			sourceTree = "<group>";
		};
/* End PBXGroup section */

/* Begin PBXNativeTarget section */
		2018E9E21BE1559800352D8B /* BlogReader */ = {
			isa = PBXNativeTarget;
			buildConfigurationList = 2018EA051BE1559800352D8B /* Build configuration list for PBXNativeTarget "BlogReader" */;
			buildPhases = (
				2018E9DF1BE1559800352D8B /* Sources */,
				2018E9E01BE1559800352D8B /* Frameworks */,
				2018E9E11BE1559800352D8B /* Resources */,
			);
			buildRules = (
			);
			dependencies = (
			);
			name = BlogReader;
			productName = BlogReader;
			productReference = 2018E9E31BE1559800352D8B /* BlogReader.app */;
			productType = "com.apple.product-type.application";
		};
		2018E9FA1BE1559800352D8B /* BlogReaderTests */ = {
			isa = PBXNativeTarget;
			buildConfigurationList = 2018EA081BE1559800352D8B /* Build configuration list for PBXNativeTarget "BlogReaderTests" */;
			buildPhases = (
				2018E9F71BE1559800352D8B /* Sources */,
				2018E9F81BE1559800352D8B /* Frameworks */,
				2018E9F91BE1559800352D8B /* Resources */,
			);
			buildRules = (
			);
			dependencies = (
				2018E9FD1BE1559800352D8B /* PBXTargetDependency */,
			);
			name = BlogReaderTests;
			productName = BlogReaderTests;
			productReference = 2018E9FB1BE1559800352D8B /* BlogReaderTests.xctest */;
			productType = "com.apple.product-type.bundle.unit-test";
		};
/* End PBXNativeTarget section */

/* Begin PBXProject section */
		2018E9DB1BE1559800352D8B /* Project object */ = {
			isa = PBXProject;
			attributes = {
				LastUpgradeCheck = 0640;
				ORGANIZATIONNAME = "Evan Dorn";
				TargetAttributes = {
					2018E9E21BE1559800352D8B = {
						CreatedOnToolsVersion = 6.4;
					};
					2018E9FA1BE1559800352D8B = {
						CreatedOnToolsVersion = 6.4;
						TestTargetID = 2018E9E21BE1559800352D8B;
					};
				};
			};
			buildConfigurationList = 2018E9DE1BE1559800352D8B /* Build configuration list for PBXProject "BlogReader" */;
			compatibilityVersion = "Xcode 3.2";
			developmentRegion = English;
			hasScannedForEncodings = 0;
			knownRegions = (
				en,
				Base,
			);
			mainGroup = 2018E9DA1BE1559800352D8B;
			productRefGroup = 2018E9E41BE1559800352D8B /* Products */;
			projectDirPath = "";
			projectRoot = "";
			targets = (
				2018E9E21BE1559800352D8B /* BlogReader */,
				2018E9FA1BE1559800352D8B /* BlogReaderTests */,
			);
		};
/* End PBXProject section */

/* Begin PBXResourcesBuildPhase section */
		2018E9E11BE1559800352D8B /* Resources */ = {
			isa = PBXResourcesBuildPhase;
			buildActionMask = 2147483647;
			files = (
				2018E9F11BE1559800352D8B /* Main.storyboard in Resources */,
				2018E9F61BE1559800352D8B /* LaunchScreen.xib in Resources */,
				2018E9F31BE1559800352D8B /* Images.xcassets in Resources */,
			);
			runOnlyForDeploymentPostprocessing = 0;
		};
		2018E9F91BE1559800352D8B /* Resources */ = {
			isa = PBXResourcesBuildPhase;
			buildActionMask = 2147483647;
			files = (
			);
			runOnlyForDeploymentPostprocessing = 0;
		};
/* End PBXResourcesBuildPhase section */

/* Begin PBXSourcesBuildPhase section */
		2018E9DF1BE1559800352D8B /* Sources */ = {
			isa = PBXSourcesBuildPhase;
			buildActionMask = 2147483647;
			files = (
				2018E9EE1BE1559800352D8B /* ViewController.swift in Sources */,
				2018E9EC1BE1559800352D8B /* BlogReader.xcdatamodeld in Sources */,
				2018E9E91BE1559800352D8B /* AppDelegate.swift in Sources */,
			);
			runOnlyForDeploymentPostprocessing = 0;
		};
		2018E9F71BE1559800352D8B /* Sources */ = {
			isa = PBXSourcesBuildPhase;
			buildActionMask = 2147483647;
			files = (
				2018EA021BE1559800352D8B /* BlogReaderTests.swift in Sources */,
			);
			runOnlyForDeploymentPostprocessing = 0;
		};
/* End PBXSourcesBuildPhase section */

/* Begin PBXTargetDependency section */
		2018E9FD1BE1559800352D8B /* PBXTargetDependency */ = {
			isa = PBXTargetDependency;
			target = 2018E9E21BE1559800352D8B /* BlogReader */;
			targetProxy = 2018E9FC1BE1559800352D8B /* PBXContainerItemProxy */;
		};
/* End PBXTargetDependency section */

/* Begin PBXVariantGroup section */
		2018E9EF1BE1559800352D8B /* Main.storyboard */ = {
			isa = PBXVariantGroup;
			children = (
				2018E9F01BE1559800352D8B /* Base */,
			);
			name = Main.storyboard;
			sourceTree = "<group>";
		};
		2018E9F41BE1559800352D8B /* LaunchScreen.xib */ = {
			isa = PBXVariantGroup;
			children = (
				2018E9F51BE1559800352D8B /* Base */,
			);
			name = LaunchScreen.xib;
			sourceTree = "<group>";
		};
/* End PBXVariantGroup section */

/* Begin XCBuildConfiguration section */
		2018EA031BE1559800352D8B /* Debug */ = {
			isa = XCBuildConfiguration;
			buildSettings = {
				ALWAYS_SEARCH_USER_PATHS = NO;
				CLANG_CXX_LANGUAGE_STANDARD = "gnu++0x";
				CLANG_CXX_LIBRARY = "libc++";
				CLANG_ENABLE_MODULES = YES;
				CLANG_ENABLE_OBJC_ARC = YES;
				CLANG_WARN_BOOL_CONVERSION = YES;
				CLANG_WARN_CONSTANT_CONVERSION = YES;
				CLANG_WARN_DIRECT_OBJC_ISA_USAGE = YES_ERROR;
				CLANG_WARN_EMPTY_BODY = YES;
				CLANG_WARN_ENUM_CONVERSION = YES;
				CLANG_WARN_INT_CONVERSION = YES;
				CLANG_WARN_OBJC_ROOT_CLASS = YES_ERROR;
				CLANG_WARN_UNREACHABLE_CODE = YES;
				CLANG_WARN__DUPLICATE_METHOD_MATCH = YES;
				"CODE_SIGN_IDENTITY[sdk=iphoneos*]" = "iPhone Developer";
				COPY_PHASE_STRIP = NO;
				DEBUG_INFORMATION_FORMAT = "dwarf-with-dsym";
				ENABLE_STRICT_OBJC_MSGSEND = YES;
				GCC_C_LANGUAGE_STANDARD = gnu99;
				GCC_DYNAMIC_NO_PIC = NO;
				GCC_NO_COMMON_BLOCKS = YES;
				GCC_OPTIMIZATION_LEVEL = 0;
				GCC_PREPROCESSOR_DEFINITIONS = (
					"DEBUG=1",
					"$(inherited)",
				);
				GCC_SYMBOLS_PRIVATE_EXTERN = NO;
				GCC_WARN_64_TO_32_BIT_CONVERSION = YES;
				GCC_WARN_ABOUT_RETURN_TYPE = YES_ERROR;
				GCC_WARN_UNDECLARED_SELECTOR = YES;
				GCC_WARN_UNINITIALIZED_AUTOS = YES_AGGRESSIVE;
				GCC_WARN_UNUSED_FUNCTION = YES;
				GCC_WARN_UNUSED_VARIABLE = YES;
				IPHONEOS_DEPLOYMENT_TARGET = 8.4;
				MTL_ENABLE_DEBUG_INFO = YES;
				ONLY_ACTIVE_ARCH = YES;
				SDKROOT = iphoneos;
				SWIFT_OPTIMIZATION_LEVEL = "-Onone";
			};
			name = Debug;
		};
		2018EA041BE1559800352D8B /* Release */ = {
			isa = XCBuildConfiguration;
			buildSettings = {
				ALWAYS_SEARCH_USER_PATHS = NO;
				CLANG_CXX_LANGUAGE_STANDARD = "gnu++0x";
				CLANG_CXX_LIBRARY = "libc++";
				CLANG_ENABLE_MODULES = YES;
				CLANG_ENABLE_OBJC_ARC = YES;
				CLANG_WARN_BOOL_CONVERSION = YES;
				CLANG_WARN_CONSTANT_CONVERSION = YES;
				CLANG_WARN_DIRECT_OBJC_ISA_USAGE = YES_ERROR;
				CLANG_WARN_EMPTY_BODY = YES;
				CLANG_WARN_ENUM_CONVERSION = YES;
				CLANG_WARN_INT_CONVERSION = YES;
				CLANG_WARN_OBJC_ROOT_CLASS = YES_ERROR;
				CLANG_WARN_UNREACHABLE_CODE = YES;
				CLANG_WARN__DUPLICATE_METHOD_MATCH = YES;
				"CODE_SIGN_IDENTITY[sdk=iphoneos*]" = "iPhone Developer";
				COPY_PHASE_STRIP = NO;
				DEBUG_INFORMATION_FORMAT = "dwarf-with-dsym";
				ENABLE_NS_ASSERTIONS = NO;
				ENABLE_STRICT_OBJC_MSGSEND = YES;
				GCC_C_LANGUAGE_STANDARD = gnu99;
				GCC_NO_COMMON_BLOCKS = YES;
				GCC_WARN_64_TO_32_BIT_CONVERSION = YES;
				GCC_WARN_ABOUT_RETURN_TYPE = YES_ERROR;
				GCC_WARN_UNDECLARED_SELECTOR = YES;
				GCC_WARN_UNINITIALIZED_AUTOS = YES_AGGRESSIVE;
				GCC_WARN_UNUSED_FUNCTION = YES;
				GCC_WARN_UNUSED_VARIABLE = YES;
				IPHONEOS_DEPLOYMENT_TARGET = 8.4;
				MTL_ENABLE_DEBUG_INFO = NO;
				SDKROOT = iphoneos;
				VALIDATE_PRODUCT = YES;
			};
			name = Release;
		};
		2018EA061BE1559800352D8B /* Debug */ = {
			isa = XCBuildConfiguration;
			buildSettings = {
				ASSETCATALOG_COMPILER_APPICON_NAME = AppIcon;
				INFOPLIST_FILE = BlogReader/Info.plist;
				LD_RUNPATH_SEARCH_PATHS = "$(inherited) @executable_path/Frameworks";
				PRODUCT_NAME = "$(TARGET_NAME)";
			};
			name = Debug;
		};
		2018EA071BE1559800352D8B /* Release */ = {
			isa = XCBuildConfiguration;
			buildSettings = {
				ASSETCATALOG_COMPILER_APPICON_NAME = AppIcon;
				INFOPLIST_FILE = BlogReader/Info.plist;
				LD_RUNPATH_SEARCH_PATHS = "$(inherited) @executable_path/Frameworks";
				PRODUCT_NAME = "$(TARGET_NAME)";
			};
			name = Release;
		};
		2018EA091BE1559800352D8B /* Debug */ = {
			isa = XCBuildConfiguration;
			buildSettings = {
				BUNDLE_LOADER = "$(TEST_HOST)";
				FRAMEWORK_SEARCH_PATHS = (
					"$(SDKROOT)/Developer/Library/Frameworks",
					"$(inherited)",
				);
				GCC_PREPROCESSOR_DEFINITIONS = (
					"DEBUG=1",
					"$(inherited)",
				);
				INFOPLIST_FILE = BlogReaderTests/Info.plist;
				LD_RUNPATH_SEARCH_PATHS = "$(inherited) @executable_path/Frameworks @loader_path/Frameworks";
				PRODUCT_NAME = "$(TARGET_NAME)";
				TEST_HOST = "$(BUILT_PRODUCTS_DIR)/BlogReader.app/BlogReader";
			};
			name = Debug;
		};
		2018EA0A1BE1559800352D8B /* Release */ = {
			isa = XCBuildConfiguration;
			buildSettings = {
				BUNDLE_LOADER = "$(TEST_HOST)";
				FRAMEWORK_SEARCH_PATHS = (
					"$(SDKROOT)/Developer/Library/Frameworks",
					"$(inherited)",
				);
				INFOPLIST_FILE = BlogReaderTests/Info.plist;
				LD_RUNPATH_SEARCH_PATHS = "$(inherited) @executable_path/Frameworks @loader_path/Frameworks";
				PRODUCT_NAME = "$(TARGET_NAME)";
				TEST_HOST = "$(BUILT_PRODUCTS_DIR)/BlogReader.app/BlogReader";
			};
			name = Release;
		};
/* End XCBuildConfiguration section */

/* Begin XCConfigurationList section */
		2018E9DE1BE1559800352D8B /* Build configuration list for PBXProject "BlogReader" */ = {
			isa = XCConfigurationList;
			buildConfigurations = (
				2018EA031BE1559800352D8B /* Debug */,
				2018EA041BE1559800352D8B /* Release */,
			);
			defaultConfigurationIsVisible = 0;
			defaultConfigurationName = Release;
		};
		2018EA051BE1559800352D8B /* Build configuration list for PBXNativeTarget "BlogReader" */ = {
			isa = XCConfigurationList;
			buildConfigurations = (
				2018EA061BE1559800352D8B /* Debug */,
				2018EA071BE1559800352D8B /* Release */,
			);
			defaultConfigurationIsVisible = 0;
		};
		2018EA081BE1559800352D8B /* Build configuration list for PBXNativeTarget "BlogReaderTests" */ = {
			isa = XCConfigurationList;
			buildConfigurations = (
				2018EA091BE1559800352D8B /* Debug */,
				2018EA0A1BE1559800352D8B /* Release */,
			);
			defaultConfigurationIsVisible = 0;
		};
/* End XCConfigurationList section */

/* Begin XCVersionGroup section */
		2018E9EA1BE1559800352D8B /* BlogReader.xcdatamodeld */ = {
			isa = XCVersionGroup;
			children = (
				2018E9EB1BE1559800352D8B /* BlogReader.xcdatamodel */,
			);
			currentVersion = 2018E9EB1BE1559800352D8B /* BlogReader.xcdatamodel */;
			path = BlogReader.xcdatamodeld;
			sourceTree = "<group>";
			versionGroupType = wrapper.xcdatamodel;
		};
/* End XCVersionGroup section */
	};
	rootObject = 2018E9DB1BE1559800352D8B /* Project object */;
}
