// !$*UTF8*$!
{
	archiveVersion = 1;
	classes = {
	};
	objectVersion = 46;
	objects = {

/* Begin PBXBuildFile section */
		963F161B1BB6DC7800925CB4 /* AppDelegate.swift in Sources */ = {isa = PBXBuildFile; fileRef = 963F161A1BB6DC7800925CB4 /* AppDelegate.swift */; };
		963F161E1BB6DC7900925CB4 /* jacosta_a3Swift.xcdatamodeld in Sources */ = {isa = PBXBuildFile; fileRef = 963F161C1BB6DC7900925CB4 /* jacosta_a3Swift.xcdatamodeld */; };
		963F16231BB6DC7900925CB4 /* Main.storyboard in Resources */ = {isa = PBXBuildFile; fileRef = 963F16211BB6DC7900925CB4 /* Main.storyboard */; };
		963F16251BB6DC7900925CB4 /* Images.xcassets in Resources */ = {isa = PBXBuildFile; fileRef = 963F16241BB6DC7900925CB4 /* Images.xcassets */; };
		963F16281BB6DC7900925CB4 /* LaunchScreen.xib in Resources */ = {isa = PBXBuildFile; fileRef = 963F16261BB6DC7900925CB4 /* LaunchScreen.xib */; };
		963F16341BB6DC7900925CB4 /* jacosta_a3SwiftTests.swift in Sources */ = {isa = PBXBuildFile; fileRef = 963F16331BB6DC7900925CB4 /* jacosta_a3SwiftTests.swift */; };
		963F163E1BB6DCC200925CB4 /* CoursesViewController.swift in Sources */ = {isa = PBXBuildFile; fileRef = 963F163D1BB6DCC200925CB4 /* CoursesViewController.swift */; };
		963F16421BB6EC8100925CB4 /* AddCoursesViewController.swift in Sources */ = {isa = PBXBuildFile; fileRef = 963F16411BB6EC8100925CB4 /* AddCoursesViewController.swift */; };
		963F16441BB6EFE500925CB4 /* AddTeacherViewController.swift in Sources */ = {isa = PBXBuildFile; fileRef = 963F16431BB6EFE500925CB4 /* AddTeacherViewController.swift */; };
		963F16461BB8878A00925CB4 /* AssignmentViewController.swift in Sources */ = {isa = PBXBuildFile; fileRef = 963F16451BB8878A00925CB4 /* AssignmentViewController.swift */; };
		963F16481BB887B200925CB4 /* AddAssignmentViewController.swift in Sources */ = {isa = PBXBuildFile; fileRef = 963F16471BB887B200925CB4 /* AddAssignmentViewController.swift */; };
		963F164A1BB9859E00925CB4 /* SelectTimeViewController.swift in Sources */ = {isa = PBXBuildFile; fileRef = 963F16491BB9859E00925CB4 /* SelectTimeViewController.swift */; };
		963F16601BBA01D400925CB4 /* Assignment.swift in Sources */ = {isa = PBXBuildFile; fileRef = 963F165D1BBA01D400925CB4 /* Assignment.swift */; };
		963F16611BBA01D400925CB4 /* Course.swift in Sources */ = {isa = PBXBuildFile; fileRef = 963F165E1BBA01D400925CB4 /* Course.swift */; };
		963F16621BBA01D400925CB4 /* Teacher.swift in Sources */ = {isa = PBXBuildFile; fileRef = 963F165F1BBA01D400925CB4 /* Teacher.swift */; };
		963F16641BBAE24300925CB4 /* infoViewController.swift in Sources */ = {isa = PBXBuildFile; fileRef = 963F16631BBAE24300925CB4 /* infoViewController.swift */; };
/* End PBXBuildFile section */

/* Begin PBXContainerItemProxy section */
		963F162E1BB6DC7900925CB4 /* PBXContainerItemProxy */ = {
			isa = PBXContainerItemProxy;
			containerPortal = 963F160D1BB6DC7800925CB4 /* Project object */;
			proxyType = 1;
			remoteGlobalIDString = 963F16141BB6DC7800925CB4;
			remoteInfo = jacosta.a3Swift;
		};
/* End PBXContainerItemProxy section */

/* Begin PBXFileReference section */
		963F16151BB6DC7800925CB4 /* jacosta.a3Swift.app */ = {isa = PBXFileReference; explicitFileType = wrapper.application; includeInIndex = 0; path = jacosta.a3Swift.app; sourceTree = BUILT_PRODUCTS_DIR; };
		963F16191BB6DC7800925CB4 /* Info.plist */ = {isa = PBXFileReference; lastKnownFileType = text.plist.xml; path = Info.plist; sourceTree = "<group>"; };
		963F161A1BB6DC7800925CB4 /* AppDelegate.swift */ = {isa = PBXFileReference; lastKnownFileType = sourcecode.swift; path = AppDelegate.swift; sourceTree = "<group>"; };
		963F161D1BB6DC7900925CB4 /* jacosta_a3Swift.xcdatamodel */ = {isa = PBXFileReference; lastKnownFileType = wrapper.xcdatamodel; path = jacosta_a3Swift.xcdatamodel; sourceTree = "<group>"; };
		963F16221BB6DC7900925CB4 /* Base */ = {isa = PBXFileReference; lastKnownFileType = file.storyboard; name = Base; path = Base.lproj/Main.storyboard; sourceTree = "<group>"; };
		963F16241BB6DC7900925CB4 /* Images.xcassets */ = {isa = PBXFileReference; lastKnownFileType = folder.assetcatalog; path = Images.xcassets; sourceTree = "<group>"; };
		963F16271BB6DC7900925CB4 /* Base */ = {isa = PBXFileReference; lastKnownFileType = file.xib; name = Base; path = Base.lproj/LaunchScreen.xib; sourceTree = "<group>"; };
		963F162D1BB6DC7900925CB4 /* jacosta.a3SwiftTests.xctest */ = {isa = PBXFileReference; explicitFileType = wrapper.cfbundle; includeInIndex = 0; path = jacosta.a3SwiftTests.xctest; sourceTree = BUILT_PRODUCTS_DIR; };
		963F16321BB6DC7900925CB4 /* Info.plist */ = {isa = PBXFileReference; lastKnownFileType = text.plist.xml; path = Info.plist; sourceTree = "<group>"; };
		963F16331BB6DC7900925CB4 /* jacosta_a3SwiftTests.swift */ = {isa = PBXFileReference; lastKnownFileType = sourcecode.swift; path = jacosta_a3SwiftTests.swift; sourceTree = "<group>"; };
		963F163D1BB6DCC200925CB4 /* CoursesViewController.swift */ = {isa = PBXFileReference; fileEncoding = 4; lastKnownFileType = sourcecode.swift; path = CoursesViewController.swift; sourceTree = "<group>"; };
		963F16411BB6EC8100925CB4 /* AddCoursesViewController.swift */ = {isa = PBXFileReference; fileEncoding = 4; lastKnownFileType = sourcecode.swift; name = AddCoursesViewController.swift; path = ../AddCoursesViewController.swift; sourceTree = "<group>"; };
		963F16431BB6EFE500925CB4 /* AddTeacherViewController.swift */ = {isa = PBXFileReference; fileEncoding = 4; lastKnownFileType = sourcecode.swift; name = AddTeacherViewController.swift; path = ../AddTeacherViewController.swift; sourceTree = "<group>"; };
		963F16451BB8878A00925CB4 /* AssignmentViewController.swift */ = {isa = PBXFileReference; fileEncoding = 4; lastKnownFileType = sourcecode.swift; path = AssignmentViewController.swift; sourceTree = "<group>"; };
		963F16471BB887B200925CB4 /* AddAssignmentViewController.swift */ = {isa = PBXFileReference; fileEncoding = 4; lastKnownFileType = sourcecode.swift; path = AddAssignmentViewController.swift; sourceTree = "<group>"; };
		963F16491BB9859E00925CB4 /* SelectTimeViewController.swift */ = {isa = PBXFileReference; fileEncoding = 4; lastKnownFileType = sourcecode.swift; path = SelectTimeViewController.swift; sourceTree = "<group>"; };
		963F165D1BBA01D400925CB4 /* Assignment.swift */ = {isa = PBXFileReference; lastKnownFileType = sourcecode.swift; path = Assignment.swift; sourceTree = "<group>"; };
		963F165E1BBA01D400925CB4 /* Course.swift */ = {isa = PBXFileReference; lastKnownFileType = sourcecode.swift; path = Course.swift; sourceTree = "<group>"; };
		963F165F1BBA01D400925CB4 /* Teacher.swift */ = {isa = PBXFileReference; lastKnownFileType = sourcecode.swift; path = Teacher.swift; sourceTree = "<group>"; };
		963F16631BBAE24300925CB4 /* infoViewController.swift */ = {isa = PBXFileReference; fileEncoding = 4; lastKnownFileType = sourcecode.swift; path = infoViewController.swift; sourceTree = "<group>"; };
/* End PBXFileReference section */

/* Begin PBXFrameworksBuildPhase section */
		963F16121BB6DC7800925CB4 /* Frameworks */ = {
			isa = PBXFrameworksBuildPhase;
			buildActionMask = 2147483647;
			files = (
			);
			runOnlyForDeploymentPostprocessing = 0;
		};
		963F162A1BB6DC7900925CB4 /* Frameworks */ = {
			isa = PBXFrameworksBuildPhase;
			buildActionMask = 2147483647;
			files = (
			);
			runOnlyForDeploymentPostprocessing = 0;
		};
/* End PBXFrameworksBuildPhase section */

/* Begin PBXGroup section */
		963F160C1BB6DC7800925CB4 = {
			isa = PBXGroup;
			children = (
				963F165D1BBA01D400925CB4 /* Assignment.swift */,
				963F165E1BBA01D400925CB4 /* Course.swift */,
				963F165F1BBA01D400925CB4 /* Teacher.swift */,
				963F16171BB6DC7800925CB4 /* jacosta.a3Swift */,
				963F16301BB6DC7900925CB4 /* jacosta.a3SwiftTests */,
				963F16161BB6DC7800925CB4 /* Products */,
			);
			sourceTree = "<group>";
		};
		963F16161BB6DC7800925CB4 /* Products */ = {
			isa = PBXGroup;
			children = (
				963F16151BB6DC7800925CB4 /* jacosta.a3Swift.app */,
				963F162D1BB6DC7900925CB4 /* jacosta.a3SwiftTests.xctest */,
			);
			name = Products;
			sourceTree = "<group>";
		};
		963F16171BB6DC7800925CB4 /* jacosta.a3Swift */ = {
			isa = PBXGroup;
			children = (
				963F16411BB6EC8100925CB4 /* AddCoursesViewController.swift */,
				963F16491BB9859E00925CB4 /* SelectTimeViewController.swift */,
				963F161A1BB6DC7800925CB4 /* AppDelegate.swift */,
				963F16431BB6EFE500925CB4 /* AddTeacherViewController.swift */,
				963F16211BB6DC7900925CB4 /* Main.storyboard */,
				963F16631BBAE24300925CB4 /* infoViewController.swift */,
				963F163D1BB6DCC200925CB4 /* CoursesViewController.swift */,
				963F16451BB8878A00925CB4 /* AssignmentViewController.swift */,
				963F16471BB887B200925CB4 /* AddAssignmentViewController.swift */,
				963F16241BB6DC7900925CB4 /* Images.xcassets */,
				963F16261BB6DC7900925CB4 /* LaunchScreen.xib */,
				963F161C1BB6DC7900925CB4 /* jacosta_a3Swift.xcdatamodeld */,
				963F16181BB6DC7800925CB4 /* Supporting Files */,
			);
			path = jacosta.a3Swift;
			sourceTree = "<group>";
		};
		963F16181BB6DC7800925CB4 /* Supporting Files */ = {
			isa = PBXGroup;
			children = (
				963F16191BB6DC7800925CB4 /* Info.plist */,
			);
			name = "Supporting Files";
			sourceTree = "<group>";
		};
		963F16301BB6DC7900925CB4 /* jacosta.a3SwiftTests */ = {
			isa = PBXGroup;
			children = (
				963F16331BB6DC7900925CB4 /* jacosta_a3SwiftTests.swift */,
				963F16311BB6DC7900925CB4 /* Supporting Files */,
			);
			path = jacosta.a3SwiftTests;
			sourceTree = "<group>";
		};
		963F16311BB6DC7900925CB4 /* Supporting Files */ = {
			isa = PBXGroup;
			children = (
				963F16321BB6DC7900925CB4 /* Info.plist */,
			);
			name = "Supporting Files";
			sourceTree = "<group>";
		};
/* End PBXGroup section */

/* Begin PBXNativeTarget section */
		963F16141BB6DC7800925CB4 /* jacosta.a3Swift */ = {
			isa = PBXNativeTarget;
			buildConfigurationList = 963F16371BB6DC7900925CB4 /* Build configuration list for PBXNativeTarget "jacosta.a3Swift" */;
			buildPhases = (
				963F16111BB6DC7800925CB4 /* Sources */,
				963F16121BB6DC7800925CB4 /* Frameworks */,
				963F16131BB6DC7800925CB4 /* Resources */,
			);
			buildRules = (
			);
			dependencies = (
			);
			name = jacosta.a3Swift;
			productName = jacosta.a3Swift;
			productReference = 963F16151BB6DC7800925CB4 /* jacosta.a3Swift.app */;
			productType = "com.apple.product-type.application";
		};
		963F162C1BB6DC7900925CB4 /* jacosta.a3SwiftTests */ = {
			isa = PBXNativeTarget;
			buildConfigurationList = 963F163A1BB6DC7900925CB4 /* Build configuration list for PBXNativeTarget "jacosta.a3SwiftTests" */;
			buildPhases = (
				963F16291BB6DC7900925CB4 /* Sources */,
				963F162A1BB6DC7900925CB4 /* Frameworks */,
				963F162B1BB6DC7900925CB4 /* Resources */,
			);
			buildRules = (
			);
			dependencies = (
				963F162F1BB6DC7900925CB4 /* PBXTargetDependency */,
			);
			name = jacosta.a3SwiftTests;
			productName = jacosta.a3SwiftTests;
			productReference = 963F162D1BB6DC7900925CB4 /* jacosta.a3SwiftTests.xctest */;
			productType = "com.apple.product-type.bundle.unit-test";
		};
/* End PBXNativeTarget section */

/* Begin PBXProject section */
		963F160D1BB6DC7800925CB4 /* Project object */ = {
			isa = PBXProject;
			attributes = {
				LastUpgradeCheck = 0640;
				ORGANIZATIONNAME = "Joey Costa";
				TargetAttributes = {
					963F16141BB6DC7800925CB4 = {
						CreatedOnToolsVersion = 6.4;
					};
					963F162C1BB6DC7900925CB4 = {
						CreatedOnToolsVersion = 6.4;
						TestTargetID = 963F16141BB6DC7800925CB4;
					};
				};
			};
			buildConfigurationList = 963F16101BB6DC7800925CB4 /* Build configuration list for PBXProject "jacosta.a3Swift" */;
			compatibilityVersion = "Xcode 3.2";
			developmentRegion = English;
			hasScannedForEncodings = 0;
			knownRegions = (
				en,
				Base,
			);
			mainGroup = 963F160C1BB6DC7800925CB4;
			productRefGroup = 963F16161BB6DC7800925CB4 /* Products */;
			projectDirPath = "";
			projectRoot = "";
			targets = (
				963F16141BB6DC7800925CB4 /* jacosta.a3Swift */,
				963F162C1BB6DC7900925CB4 /* jacosta.a3SwiftTests */,
			);
		};
/* End PBXProject section */

/* Begin PBXResourcesBuildPhase section */
		963F16131BB6DC7800925CB4 /* Resources */ = {
			isa = PBXResourcesBuildPhase;
			buildActionMask = 2147483647;
			files = (
				963F16231BB6DC7900925CB4 /* Main.storyboard in Resources */,
				963F16281BB6DC7900925CB4 /* LaunchScreen.xib in Resources */,
				963F16251BB6DC7900925CB4 /* Images.xcassets in Resources */,
			);
			runOnlyForDeploymentPostprocessing = 0;
		};
		963F162B1BB6DC7900925CB4 /* Resources */ = {
			isa = PBXResourcesBuildPhase;
			buildActionMask = 2147483647;
			files = (
			);
			runOnlyForDeploymentPostprocessing = 0;
		};
/* End PBXResourcesBuildPhase section */

/* Begin PBXSourcesBuildPhase section */
		963F16111BB6DC7800925CB4 /* Sources */ = {
			isa = PBXSourcesBuildPhase;
			buildActionMask = 2147483647;
			files = (
				963F16601BBA01D400925CB4 /* Assignment.swift in Sources */,
				963F16641BBAE24300925CB4 /* infoViewController.swift in Sources */,
				963F16611BBA01D400925CB4 /* Course.swift in Sources */,
				963F16621BBA01D400925CB4 /* Teacher.swift in Sources */,
				963F16421BB6EC8100925CB4 /* AddCoursesViewController.swift in Sources */,
				963F164A1BB9859E00925CB4 /* SelectTimeViewController.swift in Sources */,
				963F163E1BB6DCC200925CB4 /* CoursesViewController.swift in Sources */,
				963F16441BB6EFE500925CB4 /* AddTeacherViewController.swift in Sources */,
				963F161B1BB6DC7800925CB4 /* AppDelegate.swift in Sources */,
				963F16461BB8878A00925CB4 /* AssignmentViewController.swift in Sources */,
				963F161E1BB6DC7900925CB4 /* jacosta_a3Swift.xcdatamodeld in Sources */,
				963F16481BB887B200925CB4 /* AddAssignmentViewController.swift in Sources */,
			);
			runOnlyForDeploymentPostprocessing = 0;
		};
		963F16291BB6DC7900925CB4 /* Sources */ = {
			isa = PBXSourcesBuildPhase;
			buildActionMask = 2147483647;
			files = (
				963F16341BB6DC7900925CB4 /* jacosta_a3SwiftTests.swift in Sources */,
			);
			runOnlyForDeploymentPostprocessing = 0;
		};
/* End PBXSourcesBuildPhase section */

/* Begin PBXTargetDependency section */
		963F162F1BB6DC7900925CB4 /* PBXTargetDependency */ = {
			isa = PBXTargetDependency;
			target = 963F16141BB6DC7800925CB4 /* jacosta.a3Swift */;
			targetProxy = 963F162E1BB6DC7900925CB4 /* PBXContainerItemProxy */;
		};
/* End PBXTargetDependency section */

/* Begin PBXVariantGroup section */
		963F16211BB6DC7900925CB4 /* Main.storyboard */ = {
			isa = PBXVariantGroup;
			children = (
				963F16221BB6DC7900925CB4 /* Base */,
			);
			name = Main.storyboard;
			sourceTree = "<group>";
		};
		963F16261BB6DC7900925CB4 /* LaunchScreen.xib */ = {
			isa = PBXVariantGroup;
			children = (
				963F16271BB6DC7900925CB4 /* Base */,
			);
			name = LaunchScreen.xib;
			sourceTree = "<group>";
		};
/* End PBXVariantGroup section */

/* Begin XCBuildConfiguration section */
		963F16351BB6DC7900925CB4 /* Debug */ = {
			isa = XCBuildConfiguration;
			buildSettings = {
				ALWAYS_SEARCH_USER_PATHS = NO;
				CLANG_CXX_LANGUAGE_STANDARD = "gnu++0x";
				CLANG_CXX_LIBRARY = "libc++";
				CLANG_ENABLE_MODULES = YES;
				CLANG_ENABLE_OBJC_ARC = YES;
				CLANG_WARN_BOOL_CONVERSION = YES;
				CLANG_WARN_CONSTANT_CONVERSION = YES;
				CLANG_WARN_DIRECT_OBJC_ISA_USAGE = YES_ERROR;
				CLANG_WARN_EMPTY_BODY = YES;
				CLANG_WARN_ENUM_CONVERSION = YES;
				CLANG_WARN_INT_CONVERSION = YES;
				CLANG_WARN_OBJC_ROOT_CLASS = YES_ERROR;
				CLANG_WARN_UNREACHABLE_CODE = YES;
				CLANG_WARN__DUPLICATE_METHOD_MATCH = YES;
				"CODE_SIGN_IDENTITY[sdk=iphoneos*]" = "iPhone Developer";
				COPY_PHASE_STRIP = NO;
				DEBUG_INFORMATION_FORMAT = "dwarf-with-dsym";
				ENABLE_STRICT_OBJC_MSGSEND = YES;
				GCC_C_LANGUAGE_STANDARD = gnu99;
				GCC_DYNAMIC_NO_PIC = NO;
				GCC_NO_COMMON_BLOCKS = YES;
				GCC_OPTIMIZATION_LEVEL = 0;
				GCC_PREPROCESSOR_DEFINITIONS = (
					"DEBUG=1",
					"$(inherited)",
				);
				GCC_SYMBOLS_PRIVATE_EXTERN = NO;
				GCC_WARN_64_TO_32_BIT_CONVERSION = YES;
				GCC_WARN_ABOUT_RETURN_TYPE = YES_ERROR;
				GCC_WARN_UNDECLARED_SELECTOR = YES;
				GCC_WARN_UNINITIALIZED_AUTOS = YES_AGGRESSIVE;
				GCC_WARN_UNUSED_FUNCTION = YES;
				GCC_WARN_UNUSED_VARIABLE = YES;
				IPHONEOS_DEPLOYMENT_TARGET = 8.4;
				MTL_ENABLE_DEBUG_INFO = YES;
				ONLY_ACTIVE_ARCH = YES;
				SDKROOT = iphoneos;
				SWIFT_OPTIMIZATION_LEVEL = "-Onone";
				TARGETED_DEVICE_FAMILY = "1,2";
			};
			name = Debug;
		};
		963F16361BB6DC7900925CB4 /* Release */ = {
			isa = XCBuildConfiguration;
			buildSettings = {
				ALWAYS_SEARCH_USER_PATHS = NO;
				CLANG_CXX_LANGUAGE_STANDARD = "gnu++0x";
				CLANG_CXX_LIBRARY = "libc++";
				CLANG_ENABLE_MODULES = YES;
				CLANG_ENABLE_OBJC_ARC = YES;
				CLANG_WARN_BOOL_CONVERSION = YES;
				CLANG_WARN_CONSTANT_CONVERSION = YES;
				CLANG_WARN_DIRECT_OBJC_ISA_USAGE = YES_ERROR;
				CLANG_WARN_EMPTY_BODY = YES;
				CLANG_WARN_ENUM_CONVERSION = YES;
				CLANG_WARN_INT_CONVERSION = YES;
				CLANG_WARN_OBJC_ROOT_CLASS = YES_ERROR;
				CLANG_WARN_UNREACHABLE_CODE = YES;
				CLANG_WARN__DUPLICATE_METHOD_MATCH = YES;
				"CODE_SIGN_IDENTITY[sdk=iphoneos*]" = "iPhone Developer";
				COPY_PHASE_STRIP = NO;
				DEBUG_INFORMATION_FORMAT = "dwarf-with-dsym";
				ENABLE_NS_ASSERTIONS = NO;
				ENABLE_STRICT_OBJC_MSGSEND = YES;
				GCC_C_LANGUAGE_STANDARD = gnu99;
				GCC_NO_COMMON_BLOCKS = YES;
				GCC_WARN_64_TO_32_BIT_CONVERSION = YES;
				GCC_WARN_ABOUT_RETURN_TYPE = YES_ERROR;
				GCC_WARN_UNDECLARED_SELECTOR = YES;
				GCC_WARN_UNINITIALIZED_AUTOS = YES_AGGRESSIVE;
				GCC_WARN_UNUSED_FUNCTION = YES;
				GCC_WARN_UNUSED_VARIABLE = YES;
				IPHONEOS_DEPLOYMENT_TARGET = 8.4;
				MTL_ENABLE_DEBUG_INFO = NO;
				SDKROOT = iphoneos;
				TARGETED_DEVICE_FAMILY = "1,2";
				VALIDATE_PRODUCT = YES;
			};
			name = Release;
		};
		963F16381BB6DC7900925CB4 /* Debug */ = {
			isa = XCBuildConfiguration;
			buildSettings = {
				ASSETCATALOG_COMPILER_APPICON_NAME = AppIcon;
				INFOPLIST_FILE = jacosta.a3Swift/Info.plist;
				LD_RUNPATH_SEARCH_PATHS = "$(inherited) @executable_path/Frameworks";
				PRODUCT_NAME = "$(TARGET_NAME)";
			};
			name = Debug;
		};
		963F16391BB6DC7900925CB4 /* Release */ = {
			isa = XCBuildConfiguration;
			buildSettings = {
				ASSETCATALOG_COMPILER_APPICON_NAME = AppIcon;
				INFOPLIST_FILE = jacosta.a3Swift/Info.plist;
				LD_RUNPATH_SEARCH_PATHS = "$(inherited) @executable_path/Frameworks";
				PRODUCT_NAME = "$(TARGET_NAME)";
			};
			name = Release;
		};
		963F163B1BB6DC7900925CB4 /* Debug */ = {
			isa = XCBuildConfiguration;
			buildSettings = {
				BUNDLE_LOADER = "$(TEST_HOST)";
				FRAMEWORK_SEARCH_PATHS = (
					"$(SDKROOT)/Developer/Library/Frameworks",
					"$(inherited)",
				);
				GCC_PREPROCESSOR_DEFINITIONS = (
					"DEBUG=1",
					"$(inherited)",
				);
				INFOPLIST_FILE = jacosta.a3SwiftTests/Info.plist;
				LD_RUNPATH_SEARCH_PATHS = "$(inherited) @executable_path/Frameworks @loader_path/Frameworks";
				PRODUCT_NAME = "$(TARGET_NAME)";
				TEST_HOST = "$(BUILT_PRODUCTS_DIR)/jacosta.a3Swift.app/jacosta.a3Swift";
			};
			name = Debug;
		};
		963F163C1BB6DC7900925CB4 /* Release */ = {
			isa = XCBuildConfiguration;
			buildSettings = {
				BUNDLE_LOADER = "$(TEST_HOST)";
				FRAMEWORK_SEARCH_PATHS = (
					"$(SDKROOT)/Developer/Library/Frameworks",
					"$(inherited)",
				);
				INFOPLIST_FILE = jacosta.a3SwiftTests/Info.plist;
				LD_RUNPATH_SEARCH_PATHS = "$(inherited) @executable_path/Frameworks @loader_path/Frameworks";
				PRODUCT_NAME = "$(TARGET_NAME)";
				TEST_HOST = "$(BUILT_PRODUCTS_DIR)/jacosta.a3Swift.app/jacosta.a3Swift";
			};
			name = Release;
		};
/* End XCBuildConfiguration section */

/* Begin XCConfigurationList section */
		963F16101BB6DC7800925CB4 /* Build configuration list for PBXProject "jacosta.a3Swift" */ = {
			isa = XCConfigurationList;
			buildConfigurations = (
				963F16351BB6DC7900925CB4 /* Debug */,
				963F16361BB6DC7900925CB4 /* Release */,
			);
			defaultConfigurationIsVisible = 0;
			defaultConfigurationName = Release;
		};
		963F16371BB6DC7900925CB4 /* Build configuration list for PBXNativeTarget "jacosta.a3Swift" */ = {
			isa = XCConfigurationList;
			buildConfigurations = (
				963F16381BB6DC7900925CB4 /* Debug */,
				963F16391BB6DC7900925CB4 /* Release */,
			);
			defaultConfigurationIsVisible = 0;
		};
		963F163A1BB6DC7900925CB4 /* Build configuration list for PBXNativeTarget "jacosta.a3SwiftTests" */ = {
			isa = XCConfigurationList;
			buildConfigurations = (
				963F163B1BB6DC7900925CB4 /* Debug */,
				963F163C1BB6DC7900925CB4 /* Release */,
			);
			defaultConfigurationIsVisible = 0;
		};
/* End XCConfigurationList section */

/* Begin XCVersionGroup section */
		963F161C1BB6DC7900925CB4 /* jacosta_a3Swift.xcdatamodeld */ = {
			isa = XCVersionGroup;
			children = (
				963F161D1BB6DC7900925CB4 /* jacosta_a3Swift.xcdatamodel */,
			);
			currentVersion = 963F161D1BB6DC7900925CB4 /* jacosta_a3Swift.xcdatamodel */;
			path = jacosta_a3Swift.xcdatamodeld;
			sourceTree = "<group>";
			versionGroupType = wrapper.xcdatamodel;
		};
/* End XCVersionGroup section */
	};
	rootObject = 963F160D1BB6DC7800925CB4 /* Project object */;
}
